
Microsoft Visual Studio Solution File, Format Version 12.00
# Visual Studio Version 17
VisualStudioVersion = 17.8.34525.116
MinimumVisualStudioVersion = 10.0.40219.1
Project("{FAE04EC0-301F-11D3-BF4B-00C04F79EFBC}") = "Lecture1", "Lecture1\Lecture1.csproj", "{8AAED190-475C-4E65-BEA7-87A35B0F3A08}"
EndProject
Global
	GlobalSection(SolutionConfigurationPlatforms) = preSolution
		Debug|Any CPU = Debug|Any CPU
		Release|Any CPU = Release|Any CPU
	EndGlobalSection
	GlobalSection(ProjectConfigurationPlatforms) = postSolution
		{8AAED190-475C-4E65-BEA7-87A35B0F3A08}.Debug|Any CPU.ActiveCfg = Debug|Any CPU
		{8AAED190-475C-4E65-BEA7-87A35B0F3A08}.Debug|Any CPU.Build.0 = Debug|Any CPU
		{8AAED190-475C-4E65-BEA7-87A35B0F3A08}.Release|Any CPU.ActiveCfg = Release|Any CPU
		{8AAED190-475C-4E65-BEA7-87A35B0F3A08}.Release|Any CPU.Build.0 = Release|Any CPU
	EndGlobalSection
	GlobalSection(SolutionProperties) = preSolution
		HideSolutionNode = FALSE
	EndGlobalSection
	GlobalSection(ExtensibilityGlobals) = postSolution
		SolutionGuid = {9A992FAE-A746-4019-B4EA-E1B3B6FAFF28}
	EndGlobalSection
EndGlobal
